
Microsoft Visual Studio Solution File, Format Version 11.00
# Visual Studio 2010
Project("{FAE04EC0-301F-11D3-BF4B-00C04F79EFBC}") = "CommonTypes", "CommonTypes\CommonTypes.csproj", "{21F98F0E-6010-4F49-A5E9-CC4B7CB85D73}"
EndProject
Project("{FAE04EC0-301F-11D3-BF4B-00C04F79EFBC}") = "PuppetMaster", "PuppetMaster\PuppetMaster.csproj", "{6240571C-B3B4-4F24-8FCE-EFC85FF69E12}"
EndProject
Project("{FAE04EC0-301F-11D3-BF4B-00C04F79EFBC}") = "User", "User\User.csproj", "{82714508-803B-4390-B79F-0B12AABB99A3}"
EndProject
Project("{FAE04EC0-301F-11D3-BF4B-00C04F79EFBC}") = "Server", "Server\Server.csproj", "{2DF34AC0-65AC-4218-9985-0FE1AF73CC59}"
EndProject
Global
	GlobalSection(SolutionConfigurationPlatforms) = preSolution
		Debug|Any CPU = Debug|Any CPU
		Debug|Mixed Platforms = Debug|Mixed Platforms
		Debug|x86 = Debug|x86
		Release|Any CPU = Release|Any CPU
		Release|Mixed Platforms = Release|Mixed Platforms
		Release|x86 = Release|x86
	EndGlobalSection
	GlobalSection(ProjectConfigurationPlatforms) = postSolution
		{21F98F0E-6010-4F49-A5E9-CC4B7CB85D73}.Debug|Any CPU.ActiveCfg = Debug|Any CPU
		{21F98F0E-6010-4F49-A5E9-CC4B7CB85D73}.Debug|Any CPU.Build.0 = Debug|Any CPU
		{21F98F0E-6010-4F49-A5E9-CC4B7CB85D73}.Debug|Mixed Platforms.ActiveCfg = Debug|Any CPU
		{21F98F0E-6010-4F49-A5E9-CC4B7CB85D73}.Debug|Mixed Platforms.Build.0 = Debug|Any CPU
		{21F98F0E-6010-4F49-A5E9-CC4B7CB85D73}.Debug|x86.ActiveCfg = Debug|Any CPU
		{21F98F0E-6010-4F49-A5E9-CC4B7CB85D73}.Release|Any CPU.ActiveCfg = Release|Any CPU
		{21F98F0E-6010-4F49-A5E9-CC4B7CB85D73}.Release|Any CPU.Build.0 = Release|Any CPU
		{21F98F0E-6010-4F49-A5E9-CC4B7CB85D73}.Release|Mixed Platforms.ActiveCfg = Release|Any CPU
		{21F98F0E-6010-4F49-A5E9-CC4B7CB85D73}.Release|Mixed Platforms.Build.0 = Release|Any CPU
		{21F98F0E-6010-4F49-A5E9-CC4B7CB85D73}.Release|x86.ActiveCfg = Release|Any CPU
		{6240571C-B3B4-4F24-8FCE-EFC85FF69E12}.Debug|Any CPU.ActiveCfg = Debug|x86
		{6240571C-B3B4-4F24-8FCE-EFC85FF69E12}.Debug|Mixed Platforms.ActiveCfg = Debug|x86
		{6240571C-B3B4-4F24-8FCE-EFC85FF69E12}.Debug|Mixed Platforms.Build.0 = Debug|x86
		{6240571C-B3B4-4F24-8FCE-EFC85FF69E12}.Debug|x86.ActiveCfg = Debug|x86
		{6240571C-B3B4-4F24-8FCE-EFC85FF69E12}.Debug|x86.Build.0 = Debug|x86
		{6240571C-B3B4-4F24-8FCE-EFC85FF69E12}.Release|Any CPU.ActiveCfg = Release|x86
		{6240571C-B3B4-4F24-8FCE-EFC85FF69E12}.Release|Mixed Platforms.ActiveCfg = Release|x86
		{6240571C-B3B4-4F24-8FCE-EFC85FF69E12}.Release|Mixed Platforms.Build.0 = Release|x86
		{6240571C-B3B4-4F24-8FCE-EFC85FF69E12}.Release|x86.ActiveCfg = Release|x86
		{6240571C-B3B4-4F24-8FCE-EFC85FF69E12}.Release|x86.Build.0 = Release|x86
		{82714508-803B-4390-B79F-0B12AABB99A3}.Debug|Any CPU.ActiveCfg = Debug|x86
		{82714508-803B-4390-B79F-0B12AABB99A3}.Debug|Mixed Platforms.ActiveCfg = Debug|x86
		{82714508-803B-4390-B79F-0B12AABB99A3}.Debug|Mixed Platforms.Build.0 = Debug|x86
		{82714508-803B-4390-B79F-0B12AABB99A3}.Debug|x86.ActiveCfg = Debug|x86
		{82714508-803B-4390-B79F-0B12AABB99A3}.Debug|x86.Build.0 = Debug|x86
		{82714508-803B-4390-B79F-0B12AABB99A3}.Release|Any CPU.ActiveCfg = Release|x86
		{82714508-803B-4390-B79F-0B12AABB99A3}.Release|Mixed Platforms.ActiveCfg = Release|x86
		{82714508-803B-4390-B79F-0B12AABB99A3}.Release|Mixed Platforms.Build.0 = Release|x86
		{82714508-803B-4390-B79F-0B12AABB99A3}.Release|x86.ActiveCfg = Release|x86
		{82714508-803B-4390-B79F-0B12AABB99A3}.Release|x86.Build.0 = Release|x86
		{2DF34AC0-65AC-4218-9985-0FE1AF73CC59}.Debug|Any CPU.ActiveCfg = Debug|x86
		{2DF34AC0-65AC-4218-9985-0FE1AF73CC59}.Debug|Mixed Platforms.ActiveCfg = Debug|x86
		{2DF34AC0-65AC-4218-9985-0FE1AF73CC59}.Debug|Mixed Platforms.Build.0 = Debug|x86
		{2DF34AC0-65AC-4218-9985-0FE1AF73CC59}.Debug|x86.ActiveCfg = Debug|x86
		{2DF34AC0-65AC-4218-9985-0FE1AF73CC59}.Debug|x86.Build.0 = Debug|x86
		{2DF34AC0-65AC-4218-9985-0FE1AF73CC59}.Release|Any CPU.ActiveCfg = Release|x86
		{2DF34AC0-65AC-4218-9985-0FE1AF73CC59}.Release|Mixed Platforms.ActiveCfg = Release|x86
		{2DF34AC0-65AC-4218-9985-0FE1AF73CC59}.Release|Mixed Platforms.Build.0 = Release|x86
		{2DF34AC0-65AC-4218-9985-0FE1AF73CC59}.Release|x86.ActiveCfg = Release|x86
		{2DF34AC0-65AC-4218-9985-0FE1AF73CC59}.Release|x86.Build.0 = Release|x86
	EndGlobalSection
	GlobalSection(SolutionProperties) = preSolution
		HideSolutionNode = FALSE
	EndGlobalSection
EndGlobal
